Microsoft Visual Studio Solution File, Format Version 12.00
# Visual Studio 2013
VisualStudioVersion = 12.0.31101.0
MinimumVisualStudioVersion = 10.0.40219.1
Project("{2150E333-8FDC-42A3-9474-1A3956D46DE8}") = "Solution Items", "Solution Items", "{2DF19D49-5248-431C-8FC9-3E28C4212AA7}"
EndProject
Project("{FAE04EC0-301F-11D3-BF4B-00C04F79EFBC}") = "DemoUpstream", "DemoUpstream\DemoUpstream.csproj", "{EA3F39D1-29F6-41A3-9E56-02211CA1BC9C}"
EndProject
Project("{FAE04EC0-301F-11D3-BF4B-00C04F79EFBC}") = "EntityFramework.MultiMigrate.Tests", "EntityFramework.MultiMigrate.Tests\EntityFramework.MultiMigrate.Tests.csproj", "{D04339D4-6FB4-4A50-8BE6-ACFB2E838930}"
EndProject
Project("{FAE04EC0-301F-11D3-BF4B-00C04F79EFBC}") = "DemoDownstream", "DemoDownstream\DemoDownstream.csproj", "{CC8748AA-0D56-47EF-BFA0-A192AFD5C291}"
EndProject
Project("{FAE04EC0-301F-11D3-BF4B-00C04F79EFBC}") = "DemoDownstreamMigrations", "DemoDownstreamMigrations\DemoDownstreamMigrations.csproj", "{4A6965A3-CD25-4363-A4FF-E85278DBD4F7}"
EndProject
Project("{FAE04EC0-301F-11D3-BF4B-00C04F79EFBC}") = "DemoUpstreamMigrations", "DemoUpstreamMigrations\DemoUpstreamMigrations.csproj", "{C879E0E6-4685-4003-A9AC-FA0192082F22}"
EndProject
Project("{FAE04EC0-301F-11D3-BF4B-00C04F79EFBC}") = "EntityFramework.MultiMigrate", "EntityFramework.MultiMigrate\EntityFramework.MultiMigrate.csproj", "{FD8FC6ED-5379-496B-96F9-597A6A73271C}"
EndProject
Project("{FAE04EC0-301F-11D3-BF4B-00C04F79EFBC}") = "MultiMigrate", "MultiMigrate\MultiMigrate.csproj", "{32DA1D5D-FB86-4285-B6B2-CA8779226DB5}"
EndProject
Project("{2150E333-8FDC-42A3-9474-1A3956D46DE8}") = "Tests", "Tests", "{1CC1E4EC-758B-4BFD-ACD4-9435D0D433EC}"
EndProject
Project("{FAE04EC0-301F-11D3-BF4B-00C04F79EFBC}") = "EntityFramework.MigrationUtils", "EntityFramework.MigrationUtils\EntityFramework.MigrationUtils.csproj", "{91C77230-2EE1-43EF-8D0C-452C8A43656F}"
EndProject
Global
	GlobalSection(SolutionConfigurationPlatforms) = preSolution
		AutomatedDebug|Any CPU = AutomatedDebug|Any CPU
		AutomatedRelease|Any CPU = AutomatedRelease|Any CPU
		Debug|Any CPU = Debug|Any CPU
		Release|Any CPU = Release|Any CPU
	EndGlobalSection
	GlobalSection(ProjectConfigurationPlatforms) = postSolution
		{EA3F39D1-29F6-41A3-9E56-02211CA1BC9C}.AutomatedDebug|Any CPU.ActiveCfg = Debug|Any CPU
		{EA3F39D1-29F6-41A3-9E56-02211CA1BC9C}.AutomatedDebug|Any CPU.Build.0 = Debug|Any CPU
		{EA3F39D1-29F6-41A3-9E56-02211CA1BC9C}.AutomatedRelease|Any CPU.ActiveCfg = Release|Any CPU
		{EA3F39D1-29F6-41A3-9E56-02211CA1BC9C}.AutomatedRelease|Any CPU.Build.0 = Release|Any CPU
		{EA3F39D1-29F6-41A3-9E56-02211CA1BC9C}.Debug|Any CPU.ActiveCfg = Debug|Any CPU
		{EA3F39D1-29F6-41A3-9E56-02211CA1BC9C}.Debug|Any CPU.Build.0 = Debug|Any CPU
		{EA3F39D1-29F6-41A3-9E56-02211CA1BC9C}.Release|Any CPU.ActiveCfg = Release|Any CPU
		{EA3F39D1-29F6-41A3-9E56-02211CA1BC9C}.Release|Any CPU.Build.0 = Release|Any CPU
		{D04339D4-6FB4-4A50-8BE6-ACFB2E838930}.AutomatedDebug|Any CPU.ActiveCfg = Debug|Any CPU
		{D04339D4-6FB4-4A50-8BE6-ACFB2E838930}.AutomatedDebug|Any CPU.Build.0 = Debug|Any CPU
		{D04339D4-6FB4-4A50-8BE6-ACFB2E838930}.AutomatedRelease|Any CPU.ActiveCfg = Release|Any CPU
		{D04339D4-6FB4-4A50-8BE6-ACFB2E838930}.AutomatedRelease|Any CPU.Build.0 = Release|Any CPU
		{D04339D4-6FB4-4A50-8BE6-ACFB2E838930}.Debug|Any CPU.ActiveCfg = Debug|Any CPU
		{D04339D4-6FB4-4A50-8BE6-ACFB2E838930}.Debug|Any CPU.Build.0 = Debug|Any CPU
		{D04339D4-6FB4-4A50-8BE6-ACFB2E838930}.Release|Any CPU.ActiveCfg = Release|Any CPU
		{D04339D4-6FB4-4A50-8BE6-ACFB2E838930}.Release|Any CPU.Build.0 = Release|Any CPU
		{CC8748AA-0D56-47EF-BFA0-A192AFD5C291}.AutomatedDebug|Any CPU.ActiveCfg = Debug|Any CPU
		{CC8748AA-0D56-47EF-BFA0-A192AFD5C291}.AutomatedDebug|Any CPU.Build.0 = Debug|Any CPU
		{CC8748AA-0D56-47EF-BFA0-A192AFD5C291}.AutomatedRelease|Any CPU.ActiveCfg = Release|Any CPU
		{CC8748AA-0D56-47EF-BFA0-A192AFD5C291}.AutomatedRelease|Any CPU.Build.0 = Release|Any CPU
		{CC8748AA-0D56-47EF-BFA0-A192AFD5C291}.Debug|Any CPU.ActiveCfg = Debug|Any CPU
		{CC8748AA-0D56-47EF-BFA0-A192AFD5C291}.Debug|Any CPU.Build.0 = Debug|Any CPU
		{CC8748AA-0D56-47EF-BFA0-A192AFD5C291}.Release|Any CPU.ActiveCfg = Release|Any CPU
		{CC8748AA-0D56-47EF-BFA0-A192AFD5C291}.Release|Any CPU.Build.0 = Release|Any CPU
		{4A6965A3-CD25-4363-A4FF-E85278DBD4F7}.AutomatedDebug|Any CPU.ActiveCfg = Debug|Any CPU
		{4A6965A3-CD25-4363-A4FF-E85278DBD4F7}.AutomatedDebug|Any CPU.Build.0 = Debug|Any CPU
		{4A6965A3-CD25-4363-A4FF-E85278DBD4F7}.AutomatedRelease|Any CPU.ActiveCfg = Release|Any CPU
		{4A6965A3-CD25-4363-A4FF-E85278DBD4F7}.AutomatedRelease|Any CPU.Build.0 = Release|Any CPU
		{4A6965A3-CD25-4363-A4FF-E85278DBD4F7}.Debug|Any CPU.ActiveCfg = Debug|Any CPU
		{4A6965A3-CD25-4363-A4FF-E85278DBD4F7}.Debug|Any CPU.Build.0 = Debug|Any CPU
		{4A6965A3-CD25-4363-A4FF-E85278DBD4F7}.Release|Any CPU.ActiveCfg = Release|Any CPU
		{4A6965A3-CD25-4363-A4FF-E85278DBD4F7}.Release|Any CPU.Build.0 = Release|Any CPU
		{C879E0E6-4685-4003-A9AC-FA0192082F22}.AutomatedDebug|Any CPU.ActiveCfg = Debug|Any CPU
		{C879E0E6-4685-4003-A9AC-FA0192082F22}.AutomatedDebug|Any CPU.Build.0 = Debug|Any CPU
		{C879E0E6-4685-4003-A9AC-FA0192082F22}.AutomatedRelease|Any CPU.ActiveCfg = Release|Any CPU
		{C879E0E6-4685-4003-A9AC-FA0192082F22}.AutomatedRelease|Any CPU.Build.0 = Release|Any CPU
		{C879E0E6-4685-4003-A9AC-FA0192082F22}.Debug|Any CPU.ActiveCfg = Debug|Any CPU
		{C879E0E6-4685-4003-A9AC-FA0192082F22}.Debug|Any CPU.Build.0 = Debug|Any CPU
		{C879E0E6-4685-4003-A9AC-FA0192082F22}.Release|Any CPU.ActiveCfg = Release|Any CPU
		{C879E0E6-4685-4003-A9AC-FA0192082F22}.Release|Any CPU.Build.0 = Release|Any CPU
		{FD8FC6ED-5379-496B-96F9-597A6A73271C}.AutomatedDebug|Any CPU.ActiveCfg = Debug|Any CPU
		{FD8FC6ED-5379-496B-96F9-597A6A73271C}.AutomatedDebug|Any CPU.Build.0 = Debug|Any CPU
		{FD8FC6ED-5379-496B-96F9-597A6A73271C}.AutomatedRelease|Any CPU.ActiveCfg = Release|Any CPU
		{FD8FC6ED-5379-496B-96F9-597A6A73271C}.AutomatedRelease|Any CPU.Build.0 = Release|Any CPU
		{FD8FC6ED-5379-496B-96F9-597A6A73271C}.Debug|Any CPU.ActiveCfg = Debug|Any CPU
		{FD8FC6ED-5379-496B-96F9-597A6A73271C}.Debug|Any CPU.Build.0 = Debug|Any CPU
		{FD8FC6ED-5379-496B-96F9-597A6A73271C}.Release|Any CPU.ActiveCfg = Release|Any CPU
		{FD8FC6ED-5379-496B-96F9-597A6A73271C}.Release|Any CPU.Build.0 = Release|Any CPU
		{32DA1D5D-FB86-4285-B6B2-CA8779226DB5}.AutomatedDebug|Any CPU.ActiveCfg = Debug|Any CPU
		{32DA1D5D-FB86-4285-B6B2-CA8779226DB5}.AutomatedDebug|Any CPU.Build.0 = Debug|Any CPU
		{32DA1D5D-FB86-4285-B6B2-CA8779226DB5}.AutomatedRelease|Any CPU.ActiveCfg = Release|Any CPU
		{32DA1D5D-FB86-4285-B6B2-CA8779226DB5}.AutomatedRelease|Any CPU.Build.0 = Release|Any CPU
		{32DA1D5D-FB86-4285-B6B2-CA8779226DB5}.Debug|Any CPU.ActiveCfg = Debug|Any CPU
		{32DA1D5D-FB86-4285-B6B2-CA8779226DB5}.Debug|Any CPU.Build.0 = Debug|Any CPU
		{32DA1D5D-FB86-4285-B6B2-CA8779226DB5}.Release|Any CPU.ActiveCfg = Release|Any CPU
		{32DA1D5D-FB86-4285-B6B2-CA8779226DB5}.Release|Any CPU.Build.0 = Release|Any CPU
		{91C77230-2EE1-43EF-8D0C-452C8A43656F}.AutomatedDebug|Any CPU.ActiveCfg = Debug|Any CPU
		{91C77230-2EE1-43EF-8D0C-452C8A43656F}.AutomatedDebug|Any CPU.Build.0 = Debug|Any CPU
		{91C77230-2EE1-43EF-8D0C-452C8A43656F}.AutomatedRelease|Any CPU.ActiveCfg = Release|Any CPU
		{91C77230-2EE1-43EF-8D0C-452C8A43656F}.AutomatedRelease|Any CPU.Build.0 = Release|Any CPU
		{91C77230-2EE1-43EF-8D0C-452C8A43656F}.Debug|Any CPU.ActiveCfg = Debug|Any CPU
		{91C77230-2EE1-43EF-8D0C-452C8A43656F}.Debug|Any CPU.Build.0 = Debug|Any CPU
		{91C77230-2EE1-43EF-8D0C-452C8A43656F}.Release|Any CPU.ActiveCfg = Release|Any CPU
		{91C77230-2EE1-43EF-8D0C-452C8A43656F}.Release|Any CPU.Build.0 = Release|Any CPU
	EndGlobalSection
	GlobalSection(SolutionProperties) = preSolution
		HideSolutionNode = FALSE
	EndGlobalSection
	GlobalSection(NestedProjects) = preSolution
		{EA3F39D1-29F6-41A3-9E56-02211CA1BC9C} = {1CC1E4EC-758B-4BFD-ACD4-9435D0D433EC}
		{D04339D4-6FB4-4A50-8BE6-ACFB2E838930} = {1CC1E4EC-758B-4BFD-ACD4-9435D0D433EC}
		{CC8748AA-0D56-47EF-BFA0-A192AFD5C291} = {1CC1E4EC-758B-4BFD-ACD4-9435D0D433EC}
		{4A6965A3-CD25-4363-A4FF-E85278DBD4F7} = {1CC1E4EC-758B-4BFD-ACD4-9435D0D433EC}
		{C879E0E6-4685-4003-A9AC-FA0192082F22} = {1CC1E4EC-758B-4BFD-ACD4-9435D0D433EC}
	EndGlobalSection
EndGlobal
